
Microsoft Visual Studio Solution File, Format Version 12.00
# Visual Studio Version 17
VisualStudioVersion = 17.6.33723.286
MinimumVisualStudioVersion = 10.0.40219.1
Project("{FAE04EC0-301F-11D3-BF4B-00C04F79EFBC}") = "QlikObjectUsageAnalyzer", "QlikObjectUsageAnalyzer.csproj", "{9D38F91D-4444-41BB-8797-BFF648CDACEE}"
EndProject
Global
	GlobalSection(SolutionConfigurationPlatforms) = preSolution
		Debug|Any CPU = Debug|Any CPU
		Release|Any CPU = Release|Any CPU
	EndGlobalSection
	GlobalSection(ProjectConfigurationPlatforms) = postSolution
		{9D38F91D-4444-41BB-8797-BFF648CDACEE}.Debug|Any CPU.ActiveCfg = Debug|Any CPU
		{9D38F91D-4444-41BB-8797-BFF648CDACEE}.Debug|Any CPU.Build.0 = Debug|Any CPU
		{9D38F91D-4444-41BB-8797-BFF648CDACEE}.Release|Any CPU.ActiveCfg = Release|Any CPU
		{9D38F91D-4444-41BB-8797-BFF648CDACEE}.Release|Any CPU.Build.0 = Release|Any CPU
	EndGlobalSection
	GlobalSection(SolutionProperties) = preSolution
		HideSolutionNode = FALSE
	EndGlobalSection
	GlobalSection(ExtensibilityGlobals) = postSolution
		SolutionGuid = {BF7D00E0-4C6D-48E1-B7D7-DCC3DEC05F2B}
	EndGlobalSection
EndGlobal
